
Microsoft Visual Studio Solution File, Format Version 12.00
# Visual Studio Version 16
VisualStudioVersion = 16.0.30907.101
MinimumVisualStudioVersion = 10.0.40219.1
Project("{FAE04EC0-301F-11D3-BF4B-00C04F79EFBC}") = "TourApplication", "TourApplication\TourApplication.csproj", "{105313EB-25B5-49C7-B6F7-C5516AB5EF09}"
EndProject
Project("{FAE04EC0-301F-11D3-BF4B-00C04F79EFBC}") = "TourApplication.Common", "TourApplication.Common\TourApplication.Common.csproj", "{4942B83B-EA68-4D1E-9D1D-B48CE2D5DC45}"
EndProject
Project("{FAE04EC0-301F-11D3-BF4B-00C04F79EFBC}") = "TourApplication.Models", "TourApplication.Models\TourApplication.Models.csproj", "{1B7C9297-8BA0-409B-95EB-567A19B6B8EC}"
EndProject
Project("{FAE04EC0-301F-11D3-BF4B-00C04F79EFBC}") = "TourApplication.Repositories", "TourApplication.Repositories\TourApplication.Repositories.csproj", "{6F4824E9-B20B-4B17-B72B-8390E4A59082}"
EndProject
Project("{FAE04EC0-301F-11D3-BF4B-00C04F79EFBC}") = "TourApplication.Services", "TourApplication.Services\TourApplication.Services.csproj", "{E95A07EF-4999-448E-A995-B30DE013924C}"
EndProject
Global
	GlobalSection(SolutionConfigurationPlatforms) = preSolution
		Debug|Any CPU = Debug|Any CPU
		Release|Any CPU = Release|Any CPU
	EndGlobalSection
	GlobalSection(ProjectConfigurationPlatforms) = postSolution
		{105313EB-25B5-49C7-B6F7-C5516AB5EF09}.Debug|Any CPU.ActiveCfg = Debug|Any CPU
		{105313EB-25B5-49C7-B6F7-C5516AB5EF09}.Debug|Any CPU.Build.0 = Debug|Any CPU
		{105313EB-25B5-49C7-B6F7-C5516AB5EF09}.Release|Any CPU.ActiveCfg = Release|Any CPU
		{105313EB-25B5-49C7-B6F7-C5516AB5EF09}.Release|Any CPU.Build.0 = Release|Any CPU
		{4942B83B-EA68-4D1E-9D1D-B48CE2D5DC45}.Debug|Any CPU.ActiveCfg = Debug|Any CPU
		{4942B83B-EA68-4D1E-9D1D-B48CE2D5DC45}.Debug|Any CPU.Build.0 = Debug|Any CPU
		{4942B83B-EA68-4D1E-9D1D-B48CE2D5DC45}.Release|Any CPU.ActiveCfg = Release|Any CPU
		{4942B83B-EA68-4D1E-9D1D-B48CE2D5DC45}.Release|Any CPU.Build.0 = Release|Any CPU
		{1B7C9297-8BA0-409B-95EB-567A19B6B8EC}.Debug|Any CPU.ActiveCfg = Debug|Any CPU
		{1B7C9297-8BA0-409B-95EB-567A19B6B8EC}.Debug|Any CPU.Build.0 = Debug|Any CPU
		{1B7C9297-8BA0-409B-95EB-567A19B6B8EC}.Release|Any CPU.ActiveCfg = Release|Any CPU
		{1B7C9297-8BA0-409B-95EB-567A19B6B8EC}.Release|Any CPU.Build.0 = Release|Any CPU
		{6F4824E9-B20B-4B17-B72B-8390E4A59082}.Debug|Any CPU.ActiveCfg = Debug|Any CPU
		{6F4824E9-B20B-4B17-B72B-8390E4A59082}.Debug|Any CPU.Build.0 = Debug|Any CPU
		{6F4824E9-B20B-4B17-B72B-8390E4A59082}.Release|Any CPU.ActiveCfg = Release|Any CPU
		{6F4824E9-B20B-4B17-B72B-8390E4A59082}.Release|Any CPU.Build.0 = Release|Any CPU
		{E95A07EF-4999-448E-A995-B30DE013924C}.Debug|Any CPU.ActiveCfg = Debug|Any CPU
		{E95A07EF-4999-448E-A995-B30DE013924C}.Debug|Any CPU.Build.0 = Debug|Any CPU
		{E95A07EF-4999-448E-A995-B30DE013924C}.Release|Any CPU.ActiveCfg = Release|Any CPU
		{E95A07EF-4999-448E-A995-B30DE013924C}.Release|Any CPU.Build.0 = Release|Any CPU
	EndGlobalSection
	GlobalSection(SolutionProperties) = preSolution
		HideSolutionNode = FALSE
	EndGlobalSection
	GlobalSection(ExtensibilityGlobals) = postSolution
		SolutionGuid = {652A5D31-B8F5-4B38-8C52-81692413D8EA}
	EndGlobalSection
EndGlobal
